# THIS IS AN AUTOGENERATED FILE. DO NOT EDIT THIS FILE DIRECTLY.
# yarn lockfile v1


"@types/node@^16.11.9":
  version "16.11.9"
  resolved "https://registry.yarnpkg.com/@types/node/-/node-16.11.9.tgz#879be3ad7af29f4c1a5c433421bf99fab7047185"
  integrity sha512-MKmdASMf3LtPzwLyRrFjtFFZ48cMf8jmX5VRYrDQiJa8Ybu5VAmkqBWqKU8fdCwD8ysw4mQ9nrEHvzg6gunR7A==

data-uri-to-buffer@^4.0.0:
  version "4.0.0"
  resolved "https://registry.yarnpkg.com/data-uri-to-buffer/-/data-uri-to-buffer-4.0.0.tgz#b5db46aea50f6176428ac05b73be39a57701a64b"
  integrity sha512-Vr3mLBA8qWmcuschSLAOogKgQ/Jwxulv3RNE4FXnYWRGujzrRWQI4m12fQqRkwX06C0KanhLr4hK+GydchZsaA==

fetch-blob@^3.1.2:
  version "3.1.3"
  resolved "https://registry.yarnpkg.com/fetch-blob/-/fetch-blob-3.1.3.tgz#a7dca4855e39d3e3c5a1da62d4ee335c37d26012"
  integrity sha512-ax1Y5I9w+9+JiM+wdHkhBoxew+zG4AJ2SvAD1v1szpddUIiPERVGBxrMcB2ZqW0Y3PP8bOWYv2zqQq1Jp2kqUQ==
  dependencies:
    web-streams-polyfill "^3.0.3"

formdata-polyfill@^4.0.10:
  version "4.0.10"
  resolved "https://registry.yarnpkg.com/formdata-polyfill/-/formdata-polyfill-4.0.10.tgz#24807c31c9d402e002ab3d8c720144ceb8848423"
  integrity sha512-buewHzMvYL29jdeQTVILecSaZKnt/RJWjoZCF5OW60Z67/GmSLBkOFM7qh1PI3zFNtJbaZL5eQu1vLfazOwj4g==
  dependencies:
    fetch-blob "^3.1.2"

json-rpc-2.0@^1.3.0:
  version "1.3.0"
  resolved "https://registry.yarnpkg.com/json-rpc-2.0/-/json-rpc-2.0-1.3.0.tgz#612590dba248fe74a8fe38eda48a030c63893924"
  integrity sha512-pA85D9LG4B+b8njdb8DzktltNfGPcxGJJydEg6jRqePfwhK008lRdbX7bco6aokfw9oDFw7fEe+LRxxXwP11HA==

node-fetch@^3.1.0:
  version "3.1.0"
  resolved "https://registry.yarnpkg.com/node-fetch/-/node-fetch-3.1.0.tgz#714f4922dc270239487654eaeeab86b8206cb52e"
  integrity sha512-QU0WbIfMUjd5+MUzQOYhenAazakV7Irh1SGkWCsRzBwvm4fAhzEUaHMJ6QLP7gWT6WO9/oH2zhKMMGMuIrDyKw==
  dependencies:
    data-uri-to-buffer "^4.0.0"
    fetch-blob "^3.1.2"
    formdata-polyfill "^4.0.10"

prettier@^2.4.1:
  version "2.4.1"
  resolved "https://registry.yarnpkg.com/prettier/-/prettier-2.4.1.tgz#671e11c89c14a4cfc876ce564106c4a6726c9f5c"
  integrity sha512-9fbDAXSBcc6Bs1mZrDYb3XKzDLm4EXXL9sC1LqKP5rZkT6KRr/rf9amVUcODVXgguK/isJz0d0hP72WeaKWsvA==

typescript@^4.4.3:
  version "4.4.3"
  resolved "https://registry.yarnpkg.com/typescript/-/typescript-4.4.3.tgz#bdc5407caa2b109efd4f82fe130656f977a29324"
  integrity sha512-4xfscpisVgqqDfPaJo5vkd+Qd/ItkoagnHpufr+i2QCHBsNYp+G7UAoyFl8aPtx879u38wPV65rZ8qbGZijalA==

web-streams-polyfill@^3.0.3:
  version "3.2.0"
  resolved "https://registry.yarnpkg.com/web-streams-polyfill/-/web-streams-polyfill-3.2.0.tgz#a6b74026b38e4885869fb5c589e90b95ccfc7965"
  integrity sha512-EqPmREeOzttaLRm5HS7io98goBgZ7IVz79aDvqjD0kYXLtFZTc0T/U6wHTPKyIjb+MdN7DFIIX6hgdBEpWmfPA==
